// !$*UTF8*$!
{
	archiveVersion = 1;
	classes = {
	};
	objectVersion = 48;
	objects = {

/* Begin PBXBuildFile section */
		1CE494A01F7592EA00B4D74A /* AppDelegate.swift in Sources */ = {isa = PBXBuildFile; fileRef = 1CE4949F1F7592EA00B4D74A /* AppDelegate.swift */; };
		1CE494A21F7592EA00B4D74A /* ViewController.swift in Sources */ = {isa = PBXBuildFile; fileRef = 1CE494A11F7592EA00B4D74A /* ViewController.swift */; };
		1CE494A41F7592EA00B4D74A /* Assets.xcassets in Resources */ = {isa = PBXBuildFile; fileRef = 1CE494A31F7592EA00B4D74A /* Assets.xcassets */; };
		1CE494A71F7592EA00B4D74A /* Main.storyboard in Resources */ = {isa = PBXBuildFile; fileRef = 1CE494A51F7592EA00B4D74A /* Main.storyboard */; };
/* End PBXBuildFile section */

/* Begin PBXContainerItemProxy section */
		1CE494AF1F7592EA00B4D74A /* PBXContainerItemProxy */ = {
			isa = PBXContainerItemProxy;
			containerPortal = 1CE494941F7592EA00B4D74A /* Project object */;
			proxyType = 1;
			remoteGlobalIDString = 1CE4949B1F7592EA00B4D74A;
			remoteInfo = Tomodoro;
		};
/* End PBXContainerItemProxy section */

/* Begin PBXFileReference section */
		1CE4949C1F7592EA00B4D74A /* Tomodoro.app */ = {isa = PBXFileReference; explicitFileType = wrapper.application; includeInIndex = 0; path = Tomodoro.app; sourceTree = BUILT_PRODUCTS_DIR; };
		1CE4949F1F7592EA00B4D74A /* AppDelegate.swift */ = {isa = PBXFileReference; lastKnownFileType = sourcecode.swift; path = AppDelegate.swift; sourceTree = "<group>"; };
		1CE494A11F7592EA00B4D74A /* ViewController.swift */ = {isa = PBXFileReference; lastKnownFileType = sourcecode.swift; path = ViewController.swift; sourceTree = "<group>"; };
		1CE494A31F7592EA00B4D74A /* Assets.xcassets */ = {isa = PBXFileReference; lastKnownFileType = folder.assetcatalog; path = Assets.xcassets; sourceTree = "<group>"; };
		1CE494A61F7592EA00B4D74A /* Base */ = {isa = PBXFileReference; lastKnownFileType = file.storyboard; name = Base; path = Base.lproj/Main.storyboard; sourceTree = "<group>"; };
		1CE494A81F7592EA00B4D74A /* Info.plist */ = {isa = PBXFileReference; lastKnownFileType = text.plist.xml; path = Info.plist; sourceTree = "<group>"; };
		1CE494A91F7592EA00B4D74A /* Tomodoro.entitlements */ = {isa = PBXFileReference; lastKnownFileType = text.plist.entitlements; path = Tomodoro.entitlements; sourceTree = "<group>"; };
		1CE494AE1F7592EA00B4D74A /* TomodoroTests.xctest */ = {isa = PBXFileReference; explicitFileType = wrapper.cfbundle; includeInIndex = 0; path = TomodoroTests.xctest; sourceTree = BUILT_PRODUCTS_DIR; };
		1CE494B41F7592EA00B4D74A /* Info.plist */ = {isa = PBXFileReference; lastKnownFileType = text.plist.xml; path = Info.plist; sourceTree = "<group>"; };
/* End PBXFileReference section */

/* Begin PBXFrameworksBuildPhase section */
		1CE494991F7592EA00B4D74A /* Frameworks */ = {
			isa = PBXFrameworksBuildPhase;
			buildActionMask = 2147483647;
			files = (
			);
			runOnlyForDeploymentPostprocessing = 0;
		};
		1CE494AB1F7592EA00B4D74A /* Frameworks */ = {
			isa = PBXFrameworksBuildPhase;
			buildActionMask = 2147483647;
			files = (
			);
			runOnlyForDeploymentPostprocessing = 0;
		};
/* End PBXFrameworksBuildPhase section */

/* Begin PBXGroup section */
		1CE494931F7592EA00B4D74A = {
			isa = PBXGroup;
			children = (
				1CE4949E1F7592EA00B4D74A /* Tomodoro */,
				1CE494B11F7592EA00B4D74A /* TomodoroTests */,
				1CE4949D1F7592EA00B4D74A /* Products */,
			);
			sourceTree = "<group>";
		};
		1CE4949D1F7592EA00B4D74A /* Products */ = {
			isa = PBXGroup;
			children = (
				1CE4949C1F7592EA00B4D74A /* Tomodoro.app */,
				1CE494AE1F7592EA00B4D74A /* TomodoroTests.xctest */,
			);
			name = Products;
			sourceTree = "<group>";
		};
		1CE4949E1F7592EA00B4D74A /* Tomodoro */ = {
			isa = PBXGroup;
			children = (
				1CE4949F1F7592EA00B4D74A /* AppDelegate.swift */,
				1CE494A11F7592EA00B4D74A /* ViewController.swift */,
				1CE494A31F7592EA00B4D74A /* Assets.xcassets */,
				1CE494A51F7592EA00B4D74A /* Main.storyboard */,
				1CE494A81F7592EA00B4D74A /* Info.plist */,
				1CE494A91F7592EA00B4D74A /* Tomodoro.entitlements */,
			);
			path = Tomodoro;
			sourceTree = "<group>";
		};
		1CE494B11F7592EA00B4D74A /* TomodoroTests */ = {
			isa = PBXGroup;
			children = (
				1CE494B41F7592EA00B4D74A /* Info.plist */,
			);
			path = TomodoroTests;
			sourceTree = "<group>";
		};
/* End PBXGroup section */

/* Begin PBXNativeTarget section */
		1CE4949B1F7592EA00B4D74A /* Tomodoro */ = {
			isa = PBXNativeTarget;
			buildConfigurationList = 1CE494B71F7592EA00B4D74A /* Build configuration list for PBXNativeTarget "Tomodoro" */;
			buildPhases = (
				1CE494981F7592EA00B4D74A /* Sources */,
				1CE494991F7592EA00B4D74A /* Frameworks */,
				1CE4949A1F7592EA00B4D74A /* Resources */,
			);
			buildRules = (
			);
			dependencies = (
			);
			name = Tomodoro;
			productName = Tomodoro;
			productReference = 1CE4949C1F7592EA00B4D74A /* Tomodoro.app */;
			productType = "com.apple.product-type.application";
		};
		1CE494AD1F7592EA00B4D74A /* TomodoroTests */ = {
			isa = PBXNativeTarget;
			buildConfigurationList = 1CE494BA1F7592EA00B4D74A /* Build configuration list for PBXNativeTarget "TomodoroTests" */;
			buildPhases = (
				1CE494AA1F7592EA00B4D74A /* Sources */,
				1CE494AB1F7592EA00B4D74A /* Frameworks */,
				1CE494AC1F7592EA00B4D74A /* Resources */,
			);
			buildRules = (
			);
			dependencies = (
				1CE494B01F7592EA00B4D74A /* PBXTargetDependency */,
			);
			name = TomodoroTests;
			productName = TomodoroTests;
			productReference = 1CE494AE1F7592EA00B4D74A /* TomodoroTests.xctest */;
			productType = "com.apple.product-type.bundle.unit-test";
		};
/* End PBXNativeTarget section */

/* Begin PBXProject section */
		1CE494941F7592EA00B4D74A /* Project object */ = {
			isa = PBXProject;
			attributes = {
				LastSwiftUpdateCheck = 0900;
				LastUpgradeCheck = 0900;
				ORGANIZATIONNAME = jk;
				TargetAttributes = {
					1CE4949B1F7592EA00B4D74A = {
						CreatedOnToolsVersion = 9.0;
						ProvisioningStyle = Automatic;
					};
					1CE494AD1F7592EA00B4D74A = {
						CreatedOnToolsVersion = 9.0;
						ProvisioningStyle = Automatic;
						TestTargetID = 1CE4949B1F7592EA00B4D74A;
					};
				};
			};
			buildConfigurationList = 1CE494971F7592EA00B4D74A /* Build configuration list for PBXProject "Tomodoro" */;
			compatibilityVersion = "Xcode 8.0";
			developmentRegion = en;
			hasScannedForEncodings = 0;
			knownRegions = (
				en,
				Base,
			);
			mainGroup = 1CE494931F7592EA00B4D74A;
			productRefGroup = 1CE4949D1F7592EA00B4D74A /* Products */;
			projectDirPath = "";
			projectRoot = "";
			targets = (
				1CE4949B1F7592EA00B4D74A /* Tomodoro */,
				1CE494AD1F7592EA00B4D74A /* TomodoroTests */,
			);
		};
/* End PBXProject section */

/* Begin PBXResourcesBuildPhase section */
		1CE4949A1F7592EA00B4D74A /* Resources */ = {
			isa = PBXResourcesBuildPhase;
			buildActionMask = 2147483647;
			files = (
				1CE494A41F7592EA00B4D74A /* Assets.xcassets in Resources */,
				1CE494A71F7592EA00B4D74A /* Main.storyboard in Resources */,
			);
			runOnlyForDeploymentPostprocessing = 0;
		};
		1CE494AC1F7592EA00B4D74A /* Resources */ = {
			isa = PBXResourcesBuildPhase;
			buildActionMask = 2147483647;
			files = (
			);
			runOnlyForDeploymentPostprocessing = 0;
		};
/* End PBXResourcesBuildPhase section */

/* Begin PBXSourcesBuildPhase section */
		1CE494981F7592EA00B4D74A /* Sources */ = {
			isa = PBXSourcesBuildPhase;
			buildActionMask = 2147483647;
			files = (
				1CE494A21F7592EA00B4D74A /* ViewController.swift in Sources */,
				1CE494A01F7592EA00B4D74A /* AppDelegate.swift in Sources */,
			);
			runOnlyForDeploymentPostprocessing = 0;
		};
		1CE494AA1F7592EA00B4D74A /* Sources */ = {
			isa = PBXSourcesBuildPhase;
			buildActionMask = 2147483647;
			files = (
			);
			runOnlyForDeploymentPostprocessing = 0;
		};
/* End PBXSourcesBuildPhase section */

/* Begin PBXTargetDependency section */
		1CE494B01F7592EA00B4D74A /* PBXTargetDependency */ = {
			isa = PBXTargetDependency;
			target = 1CE4949B1F7592EA00B4D74A /* Tomodoro */;
			targetProxy = 1CE494AF1F7592EA00B4D74A /* PBXContainerItemProxy */;
		};
/* End PBXTargetDependency section */

/* Begin PBXVariantGroup section */
		1CE494A51F7592EA00B4D74A /* Main.storyboard */ = {
			isa = PBXVariantGroup;
			children = (
				1CE494A61F7592EA00B4D74A /* Base */,
			);
			name = Main.storyboard;
			sourceTree = "<group>";
		};
/* End PBXVariantGroup section */

/* Begin XCBuildConfiguration section */
		1CE494B51F7592EA00B4D74A /* Debug */ = {
			isa = XCBuildConfiguration;
			buildSettings = {
				ALWAYS_SEARCH_USER_PATHS = NO;
				CLANG_ANALYZER_NONNULL = YES;
				CLANG_ANALYZER_NUMBER_OBJECT_CONVERSION = YES_AGGRESSIVE;
				CLANG_CXX_LANGUAGE_STANDARD = "gnu++14";
				CLANG_CXX_LIBRARY = "libc++";
				CLANG_ENABLE_MODULES = YES;
				CLANG_ENABLE_OBJC_ARC = YES;
				CLANG_WARN_BLOCK_CAPTURE_AUTORELEASING = YES;
				CLANG_WARN_BOOL_CONVERSION = YES;
				CLANG_WARN_COMMA = YES;
				CLANG_WARN_CONSTANT_CONVERSION = YES;
				CLANG_WARN_DIRECT_OBJC_ISA_USAGE = YES_ERROR;
				CLANG_WARN_DOCUMENTATION_COMMENTS = YES;
				CLANG_WARN_EMPTY_BODY = YES;
				CLANG_WARN_ENUM_CONVERSION = YES;
				CLANG_WARN_INFINITE_RECURSION = YES;
				CLANG_WARN_INT_CONVERSION = YES;
				CLANG_WARN_NON_LITERAL_NULL_CONVERSION = YES;
				CLANG_WARN_OBJC_LITERAL_CONVERSION = YES;
				CLANG_WARN_OBJC_ROOT_CLASS = YES_ERROR;
				CLANG_WARN_RANGE_LOOP_ANALYSIS = YES;
				CLANG_WARN_STRICT_PROTOTYPES = YES;
				CLANG_WARN_SUSPICIOUS_MOVE = YES;
				CLANG_WARN_UNGUARDED_AVAILABILITY = YES_AGGRESSIVE;
				CLANG_WARN_UNREACHABLE_CODE = YES;
				CLANG_WARN__DUPLICATE_METHOD_MATCH = YES;
				CODE_SIGN_IDENTITY = "Mac Developer";
				COPY_PHASE_STRIP = NO;
				DEBUG_INFORMATION_FORMAT = dwarf;
				ENABLE_STRICT_OBJC_MSGSEND = YES;
				ENABLE_TESTABILITY = YES;
				GCC_C_LANGUAGE_STANDARD = gnu11;
				GCC_DYNAMIC_NO_PIC = NO;
				GCC_NO_COMMON_BLOCKS = YES;
				GCC_OPTIMIZATION_LEVEL = 0;
				GCC_PREPROCESSOR_DEFINITIONS = (
					"DEBUG=1",
					"$(inherited)",
				);
				GCC_WARN_64_TO_32_BIT_CONVERSION = YES;
				GCC_WARN_ABOUT_RETURN_TYPE = YES_ERROR;
				GCC_WARN_UNDECLARED_SELECTOR = YES;
				GCC_WARN_UNINITIALIZED_AUTOS = YES_AGGRESSIVE;
				GCC_WARN_UNUSED_FUNCTION = YES;
				GCC_WARN_UNUSED_VARIABLE = YES;
				MACOSX_DEPLOYMENT_TARGET = 10.12;
				MTL_ENABLE_DEBUG_INFO = YES;
				ONLY_ACTIVE_ARCH = YES;
				SDKROOT = macosx;
				SWIFT_ACTIVE_COMPILATION_CONDITIONS = DEBUG;
				SWIFT_OPTIMIZATION_LEVEL = "-Onone";
			};
			name = Debug;
		};
		1CE494B61F7592EA00B4D74A /* Release */ = {
			isa = XCBuildConfiguration;
			buildSettings = {
				ALWAYS_SEARCH_USER_PATHS = NO;
				CLANG_ANALYZER_NONNULL = YES;
				CLANG_ANALYZER_NUMBER_OBJECT_CONVERSION = YES_AGGRESSIVE;
				CLANG_CXX_LANGUAGE_STANDARD = "gnu++14";
				CLANG_CXX_LIBRARY = "libc++";
				CLANG_ENABLE_MODULES = YES;
				CLANG_ENABLE_OBJC_ARC = YES;
				CLANG_WARN_BLOCK_CAPTURE_AUTORELEASING = YES;
				CLANG_WARN_BOOL_CONVERSION = YES;
				CLANG_WARN_COMMA = YES;
				CLANG_WARN_CONSTANT_CONVERSION = YES;
				CLANG_WARN_DIRECT_OBJC_ISA_USAGE = YES_ERROR;
				CLANG_WARN_DOCUMENTATION_COMMENTS = YES;
				CLANG_WARN_EMPTY_BODY = YES;
				CLANG_WARN_ENUM_CONVERSION = YES;
				CLANG_WARN_INFINITE_RECURSION = YES;
				CLANG_WARN_INT_CONVERSION = YES;
				CLANG_WARN_NON_LITERAL_NULL_CONVERSION = YES;
				CLANG_WARN_OBJC_LITERAL_CONVERSION = YES;
				CLANG_WARN_OBJC_ROOT_CLASS = YES_ERROR;
				CLANG_WARN_RANGE_LOOP_ANALYSIS = YES;
				CLANG_WARN_STRICT_PROTOTYPES = YES;
				CLANG_WARN_SUSPICIOUS_MOVE = YES;
				CLANG_WARN_UNGUARDED_AVAILABILITY = YES_AGGRESSIVE;
				CLANG_WARN_UNREACHABLE_CODE = YES;
				CLANG_WARN__DUPLICATE_METHOD_MATCH = YES;
				CODE_SIGN_IDENTITY = "Mac Developer";
				COPY_PHASE_STRIP = NO;
				DEBUG_INFORMATION_FORMAT = "dwarf-with-dsym";
				ENABLE_NS_ASSERTIONS = NO;
				ENABLE_STRICT_OBJC_MSGSEND = YES;
				GCC_C_LANGUAGE_STANDARD = gnu11;
				GCC_NO_COMMON_BLOCKS = YES;
				GCC_WARN_64_TO_32_BIT_CONVERSION = YES;
				GCC_WARN_ABOUT_RETURN_TYPE = YES_ERROR;
				GCC_WARN_UNDECLARED_SELECTOR = YES;
				GCC_WARN_UNINITIALIZED_AUTOS = YES_AGGRESSIVE;
				GCC_WARN_UNUSED_FUNCTION = YES;
				GCC_WARN_UNUSED_VARIABLE = YES;
				MACOSX_DEPLOYMENT_TARGET = 10.12;
				MTL_ENABLE_DEBUG_INFO = NO;
				SDKROOT = macosx;
				SWIFT_OPTIMIZATION_LEVEL = "-Owholemodule";
			};
			name = Release;
		};
		1CE494B81F7592EA00B4D74A /* Debug */ = {
			isa = XCBuildConfiguration;
			buildSettings = {
				ASSETCATALOG_COMPILER_APPICON_NAME = AppIcon;
				CODE_SIGN_ENTITLEMENTS = Tomodoro/Tomodoro.entitlements;
				CODE_SIGN_STYLE = Automatic;
				COMBINE_HIDPI_IMAGES = YES;
				DEVELOPMENT_TEAM = BES6937UL3;
				INFOPLIST_FILE = Tomodoro/Info.plist;
				LD_RUNPATH_SEARCH_PATHS = "$(inherited) @executable_path/../Frameworks";
				PRODUCT_BUNDLE_IDENTIFIER = jk.Tomodoro;
				PRODUCT_NAME = "$(TARGET_NAME)";
				SWIFT_VERSION = 4.0;
			};
			name = Debug;
		};
		1CE494B91F7592EA00B4D74A /* Release */ = {
			isa = XCBuildConfiguration;
			buildSettings = {
				ASSETCATALOG_COMPILER_APPICON_NAME = AppIcon;
				CODE_SIGN_ENTITLEMENTS = Tomodoro/Tomodoro.entitlements;
				CODE_SIGN_STYLE = Automatic;
				COMBINE_HIDPI_IMAGES = YES;
				DEVELOPMENT_TEAM = BES6937UL3;
				INFOPLIST_FILE = Tomodoro/Info.plist;
				LD_RUNPATH_SEARCH_PATHS = "$(inherited) @executable_path/../Frameworks";
				PRODUCT_BUNDLE_IDENTIFIER = jk.Tomodoro;
				PRODUCT_NAME = "$(TARGET_NAME)";
				SWIFT_VERSION = 4.0;
			};
			name = Release;
		};
		1CE494BB1F7592EA00B4D74A /* Debug */ = {
			isa = XCBuildConfiguration;
			buildSettings = {
				ALWAYS_EMBED_SWIFT_STANDARD_LIBRARIES = YES;
				BUNDLE_LOADER = "$(TEST_HOST)";
				CODE_SIGN_STYLE = Automatic;
				COMBINE_HIDPI_IMAGES = YES;
				DEVELOPMENT_TEAM = BES6937UL3;
				INFOPLIST_FILE = TomodoroTests/Info.plist;
				LD_RUNPATH_SEARCH_PATHS = "$(inherited) @executable_path/../Frameworks @loader_path/../Frameworks";
				PRODUCT_BUNDLE_IDENTIFIER = jk.TomodoroTests;
				PRODUCT_NAME = "$(TARGET_NAME)";
				SWIFT_VERSION = 4.0;
				TEST_HOST = "$(BUILT_PRODUCTS_DIR)/Tomodoro.app/Contents/MacOS/Tomodoro";
			};
			name = Debug;
		};
		1CE494BC1F7592EA00B4D74A /* Release */ = {
			isa = XCBuildConfiguration;
			buildSettings = {
				ALWAYS_EMBED_SWIFT_STANDARD_LIBRARIES = YES;
				BUNDLE_LOADER = "$(TEST_HOST)";
				CODE_SIGN_STYLE = Automatic;
				COMBINE_HIDPI_IMAGES = YES;
				DEVELOPMENT_TEAM = BES6937UL3;
				INFOPLIST_FILE = TomodoroTests/Info.plist;
				LD_RUNPATH_SEARCH_PATHS = "$(inherited) @executable_path/../Frameworks @loader_path/../Frameworks";
				PRODUCT_BUNDLE_IDENTIFIER = jk.TomodoroTests;
				PRODUCT_NAME = "$(TARGET_NAME)";
				SWIFT_VERSION = 4.0;
				TEST_HOST = "$(BUILT_PRODUCTS_DIR)/Tomodoro.app/Contents/MacOS/Tomodoro";
			};
			name = Release;
		};
/* End XCBuildConfiguration section */

/* Begin XCConfigurationList section */
		1CE494971F7592EA00B4D74A /* Build configuration list for PBXProject "Tomodoro" */ = {
			isa = XCConfigurationList;
			buildConfigurations = (
				1CE494B51F7592EA00B4D74A /* Debug */,
				1CE494B61F7592EA00B4D74A /* Release */,
			);
			defaultConfigurationIsVisible = 0;
			defaultConfigurationName = Release;
		};
		1CE494B71F7592EA00B4D74A /* Build configuration list for PBXNativeTarget "Tomodoro" */ = {
			isa = XCConfigurationList;
			buildConfigurations = (
				1CE494B81F7592EA00B4D74A /* Debug */,
				1CE494B91F7592EA00B4D74A /* Release */,
			);
			defaultConfigurationIsVisible = 0;
			defaultConfigurationName = Release;
		};
		1CE494BA1F7592EA00B4D74A /* Build configuration list for PBXNativeTarget "TomodoroTests" */ = {
			isa = XCConfigurationList;
			buildConfigurations = (
				1CE494BB1F7592EA00B4D74A /* Debug */,
				1CE494BC1F7592EA00B4D74A /* Release */,
			);
			defaultConfigurationIsVisible = 0;
			defaultConfigurationName = Release;
		};
/* End XCConfigurationList section */
	};
	rootObject = 1CE494941F7592EA00B4D74A /* Project object */;
}
